// !$*UTF8*$!
{
	archiveVersion = 1;
	classes = {
	};
	objectVersion = 56;
	objects = {

/* Begin PBXBuildFile section */
		E99E809329C89CB60079B08A /* HelloCoreDataApp.swift in Sources */ = {isa = PBXBuildFile; fileRef = E99E809229C89CB60079B08A /* HelloCoreDataApp.swift */; };
		E99E809529C89CB60079B08A /* ContentView.swift in Sources */ = {isa = PBXBuildFile; fileRef = E99E809429C89CB60079B08A /* ContentView.swift */; };
		E99E809729C89CB70079B08A /* Assets.xcassets in Resources */ = {isa = PBXBuildFile; fileRef = E99E809629C89CB70079B08A /* Assets.xcassets */; };
		E99E809A29C89CB70079B08A /* Preview Assets.xcassets in Resources */ = {isa = PBXBuildFile; fileRef = E99E809929C89CB70079B08A /* Preview Assets.xcassets */; };
		E99E80A229C8A66B0079B08A /* K6Probe.xcdatamodeld in Sources */ = {isa = PBXBuildFile; fileRef = E99E80A029C8A66B0079B08A /* K6Probe.xcdatamodeld */; };
		E99E80A429C8A7060079B08A /* StorageProvider.swift in Sources */ = {isa = PBXBuildFile; fileRef = E99E80A329C8A7060079B08A /* StorageProvider.swift */; };
		E9F1F7CC29C9BF8700886429 /* OneStepFartherApp.swift in Sources */ = {isa = PBXBuildFile; fileRef = E9F1F7CB29C9BF8700886429 /* OneStepFartherApp.swift */; };
		E9F1F7CE29C9BF8700886429 /* ContentView.swift in Sources */ = {isa = PBXBuildFile; fileRef = E9F1F7CD29C9BF8700886429 /* ContentView.swift */; };
		E9F1F7D029C9BF8800886429 /* Assets.xcassets in Resources */ = {isa = PBXBuildFile; fileRef = E9F1F7CF29C9BF8800886429 /* Assets.xcassets */; };
		E9F1F7D329C9BF8800886429 /* Preview Assets.xcassets in Resources */ = {isa = PBXBuildFile; fileRef = E9F1F7D229C9BF8800886429 /* Preview Assets.xcassets */; };
		E9F1F7D829C9DE9200886429 /* FileStorage.swift in Sources */ = {isa = PBXBuildFile; fileRef = E9F1F7D729C9DE9200886429 /* FileStorage.swift */; };
		E9F1F7DB29C9E73600886429 /* SectionView.swift in Sources */ = {isa = PBXBuildFile; fileRef = E9F1F7DA29C9E73600886429 /* SectionView.swift */; };
		E9F1F7DC29C9E73600886429 /* SectionView.swift in Sources */ = {isa = PBXBuildFile; fileRef = E9F1F7DA29C9E73600886429 /* SectionView.swift */; };
		E9F1F7DE29C9E86100886429 /* Helper.swift in Sources */ = {isa = PBXBuildFile; fileRef = E9F1F7DD29C9E86100886429 /* Helper.swift */; };
		E9F1F7DF29C9E86100886429 /* Helper.swift in Sources */ = {isa = PBXBuildFile; fileRef = E9F1F7DD29C9E86100886429 /* Helper.swift */; };
/* End PBXBuildFile section */

/* Begin PBXFileReference section */
		E99E808F29C89CB60079B08A /* Base.app */ = {isa = PBXFileReference; explicitFileType = wrapper.application; includeInIndex = 0; path = Base.app; sourceTree = BUILT_PRODUCTS_DIR; };
		E99E809229C89CB60079B08A /* HelloCoreDataApp.swift */ = {isa = PBXFileReference; lastKnownFileType = sourcecode.swift; path = HelloCoreDataApp.swift; sourceTree = "<group>"; };
		E99E809429C89CB60079B08A /* ContentView.swift */ = {isa = PBXFileReference; lastKnownFileType = sourcecode.swift; path = ContentView.swift; sourceTree = "<group>"; };
		E99E809629C89CB70079B08A /* Assets.xcassets */ = {isa = PBXFileReference; lastKnownFileType = folder.assetcatalog; path = Assets.xcassets; sourceTree = "<group>"; };
		E99E809929C89CB70079B08A /* Preview Assets.xcassets */ = {isa = PBXFileReference; lastKnownFileType = folder.assetcatalog; path = "Preview Assets.xcassets"; sourceTree = "<group>"; };
		E99E80A129C8A66B0079B08A /* K6Probe.xcdatamodel */ = {isa = PBXFileReference; lastKnownFileType = wrapper.xcdatamodel; path = K6Probe.xcdatamodel; sourceTree = "<group>"; };
		E99E80A329C8A7060079B08A /* StorageProvider.swift */ = {isa = PBXFileReference; lastKnownFileType = sourcecode.swift; path = StorageProvider.swift; sourceTree = "<group>"; };
		E9F1F7C929C9BF8700886429 /* OneStepFarther.app */ = {isa = PBXFileReference; explicitFileType = wrapper.application; includeInIndex = 0; path = OneStepFarther.app; sourceTree = BUILT_PRODUCTS_DIR; };
		E9F1F7CB29C9BF8700886429 /* OneStepFartherApp.swift */ = {isa = PBXFileReference; lastKnownFileType = sourcecode.swift; path = OneStepFartherApp.swift; sourceTree = "<group>"; };
		E9F1F7CD29C9BF8700886429 /* ContentView.swift */ = {isa = PBXFileReference; lastKnownFileType = sourcecode.swift; path = ContentView.swift; sourceTree = "<group>"; };
		E9F1F7CF29C9BF8800886429 /* Assets.xcassets */ = {isa = PBXFileReference; lastKnownFileType = folder.assetcatalog; path = Assets.xcassets; sourceTree = "<group>"; };
		E9F1F7D229C9BF8800886429 /* Preview Assets.xcassets */ = {isa = PBXFileReference; lastKnownFileType = folder.assetcatalog; path = "Preview Assets.xcassets"; sourceTree = "<group>"; };
		E9F1F7D729C9DE9200886429 /* FileStorage.swift */ = {isa = PBXFileReference; lastKnownFileType = sourcecode.swift; path = FileStorage.swift; sourceTree = "<group>"; };
		E9F1F7DA29C9E73600886429 /* SectionView.swift */ = {isa = PBXFileReference; lastKnownFileType = sourcecode.swift; path = SectionView.swift; sourceTree = "<group>"; };
		E9F1F7DD29C9E86100886429 /* Helper.swift */ = {isa = PBXFileReference; lastKnownFileType = sourcecode.swift; path = Helper.swift; sourceTree = "<group>"; };
/* End PBXFileReference section */

/* Begin PBXFrameworksBuildPhase section */
		E99E808C29C89CB60079B08A /* Frameworks */ = {
			isa = PBXFrameworksBuildPhase;
			buildActionMask = 2147483647;
			files = (
			);
			runOnlyForDeploymentPostprocessing = 0;
		};
		E9F1F7C629C9BF8700886429 /* Frameworks */ = {
			isa = PBXFrameworksBuildPhase;
			buildActionMask = 2147483647;
			files = (
			);
			runOnlyForDeploymentPostprocessing = 0;
		};
/* End PBXFrameworksBuildPhase section */

/* Begin PBXGroup section */
		E99E808629C89CB60079B08A = {
			isa = PBXGroup;
			children = (
				E9F1F7D929C9E70800886429 /* Global */,
				E99E809129C89CB60079B08A /* Base */,
				E9F1F7CA29C9BF8700886429 /* OneStepFarther */,
				E99E809029C89CB60079B08A /* Products */,
			);
			sourceTree = "<group>";
		};
		E99E809029C89CB60079B08A /* Products */ = {
			isa = PBXGroup;
			children = (
				E99E808F29C89CB60079B08A /* Base.app */,
				E9F1F7C929C9BF8700886429 /* OneStepFarther.app */,
			);
			name = Products;
			sourceTree = "<group>";
		};
		E99E809129C89CB60079B08A /* Base */ = {
			isa = PBXGroup;
			children = (
				E99E809229C89CB60079B08A /* HelloCoreDataApp.swift */,
				E99E809429C89CB60079B08A /* ContentView.swift */,
				E99E80A029C8A66B0079B08A /* K6Probe.xcdatamodeld */,
				E99E80A329C8A7060079B08A /* StorageProvider.swift */,
				E99E809629C89CB70079B08A /* Assets.xcassets */,
				E99E809829C89CB70079B08A /* Preview Content */,
			);
			path = Base;
			sourceTree = "<group>";
		};
		E99E809829C89CB70079B08A /* Preview Content */ = {
			isa = PBXGroup;
			children = (
				E99E809929C89CB70079B08A /* Preview Assets.xcassets */,
			);
			path = "Preview Content";
			sourceTree = "<group>";
		};
		E9F1F7CA29C9BF8700886429 /* OneStepFarther */ = {
			isa = PBXGroup;
			children = (
				E9F1F7CB29C9BF8700886429 /* OneStepFartherApp.swift */,
				E9F1F7CD29C9BF8700886429 /* ContentView.swift */,
				E9F1F7CF29C9BF8800886429 /* Assets.xcassets */,
				E9F1F7D129C9BF8800886429 /* Preview Content */,
				E9F1F7D729C9DE9200886429 /* FileStorage.swift */,
			);
			path = OneStepFarther;
			sourceTree = "<group>";
		};
		E9F1F7D129C9BF8800886429 /* Preview Content */ = {
			isa = PBXGroup;
			children = (
				E9F1F7D229C9BF8800886429 /* Preview Assets.xcassets */,
			);
			path = "Preview Content";
			sourceTree = "<group>";
		};
		E9F1F7D929C9E70800886429 /* Global */ = {
			isa = PBXGroup;
			children = (
				E9F1F7DA29C9E73600886429 /* SectionView.swift */,
				E9F1F7DD29C9E86100886429 /* Helper.swift */,
			);
			path = Global;
			sourceTree = "<group>";
		};
/* End PBXGroup section */

/* Begin PBXNativeTarget section */
		E99E808E29C89CB60079B08A /* Base */ = {
			isa = PBXNativeTarget;
			buildConfigurationList = E99E809D29C89CB70079B08A /* Build configuration list for PBXNativeTarget "Base" */;
			buildPhases = (
				E99E808B29C89CB60079B08A /* Sources */,
				E99E808C29C89CB60079B08A /* Frameworks */,
				E99E808D29C89CB60079B08A /* Resources */,
			);
			buildRules = (
			);
			dependencies = (
			);
			name = Base;
			productName = HelloCoreData;
			productReference = E99E808F29C89CB60079B08A /* Base.app */;
			productType = "com.apple.product-type.application";
		};
		E9F1F7C829C9BF8700886429 /* OneStepFarther */ = {
			isa = PBXNativeTarget;
			buildConfigurationList = E9F1F7D629C9BF8800886429 /* Build configuration list for PBXNativeTarget "OneStepFarther" */;
			buildPhases = (
				E9F1F7C529C9BF8700886429 /* Sources */,
				E9F1F7C629C9BF8700886429 /* Frameworks */,
				E9F1F7C729C9BF8700886429 /* Resources */,
			);
			buildRules = (
			);
			dependencies = (
			);
			name = OneStepFarther;
			productName = OneStepFarther;
			productReference = E9F1F7C929C9BF8700886429 /* OneStepFarther.app */;
			productType = "com.apple.product-type.application";
		};
/* End PBXNativeTarget section */

/* Begin PBXProject section */
		E99E808729C89CB60079B08A /* Project object */ = {
			isa = PBXProject;
			attributes = {
				BuildIndependentTargetsInParallel = 1;
				LastSwiftUpdateCheck = 1420;
				LastUpgradeCheck = 1420;
				TargetAttributes = {
					E99E808E29C89CB60079B08A = {
						CreatedOnToolsVersion = 14.2;
					};
					E9F1F7C829C9BF8700886429 = {
						CreatedOnToolsVersion = 14.2;
					};
				};
			};
			buildConfigurationList = E99E808A29C89CB60079B08A /* Build configuration list for PBXProject "HelloCoreData" */;
			compatibilityVersion = "Xcode 14.0";
			developmentRegion = en;
			hasScannedForEncodings = 0;
			knownRegions = (
				en,
				Base,
			);
			mainGroup = E99E808629C89CB60079B08A;
			productRefGroup = E99E809029C89CB60079B08A /* Products */;
			projectDirPath = "";
			projectRoot = "";
			targets = (
				E99E808E29C89CB60079B08A /* Base */,
				E9F1F7C829C9BF8700886429 /* OneStepFarther */,
			);
		};
/* End PBXProject section */

/* Begin PBXResourcesBuildPhase section */
		E99E808D29C89CB60079B08A /* Resources */ = {
			isa = PBXResourcesBuildPhase;
			buildActionMask = 2147483647;
			files = (
				E99E809A29C89CB70079B08A /* Preview Assets.xcassets in Resources */,
				E99E809729C89CB70079B08A /* Assets.xcassets in Resources */,
			);
			runOnlyForDeploymentPostprocessing = 0;
		};
		E9F1F7C729C9BF8700886429 /* Resources */ = {
			isa = PBXResourcesBuildPhase;
			buildActionMask = 2147483647;
			files = (
				E9F1F7D329C9BF8800886429 /* Preview Assets.xcassets in Resources */,
				E9F1F7D029C9BF8800886429 /* Assets.xcassets in Resources */,
			);
			runOnlyForDeploymentPostprocessing = 0;
		};
/* End PBXResourcesBuildPhase section */

/* Begin PBXSourcesBuildPhase section */
		E99E808B29C89CB60079B08A /* Sources */ = {
			isa = PBXSourcesBuildPhase;
			buildActionMask = 2147483647;
			files = (
				E99E80A429C8A7060079B08A /* StorageProvider.swift in Sources */,
				E99E80A229C8A66B0079B08A /* K6Probe.xcdatamodeld in Sources */,
				E9F1F7DB29C9E73600886429 /* SectionView.swift in Sources */,
				E99E809529C89CB60079B08A /* ContentView.swift in Sources */,
				E99E809329C89CB60079B08A /* HelloCoreDataApp.swift in Sources */,
				E9F1F7DE29C9E86100886429 /* Helper.swift in Sources */,
			);
			runOnlyForDeploymentPostprocessing = 0;
		};
		E9F1F7C529C9BF8700886429 /* Sources */ = {
			isa = PBXSourcesBuildPhase;
			buildActionMask = 2147483647;
			files = (
				E9F1F7DC29C9E73600886429 /* SectionView.swift in Sources */,
				E9F1F7CE29C9BF8700886429 /* ContentView.swift in Sources */,
				E9F1F7DF29C9E86100886429 /* Helper.swift in Sources */,
				E9F1F7CC29C9BF8700886429 /* OneStepFartherApp.swift in Sources */,
				E9F1F7D829C9DE9200886429 /* FileStorage.swift in Sources */,
			);
			runOnlyForDeploymentPostprocessing = 0;
		};
/* End PBXSourcesBuildPhase section */

/* Begin XCBuildConfiguration section */
		E99E809B29C89CB70079B08A /* Debug */ = {
			isa = XCBuildConfiguration;
			buildSettings = {
				ALWAYS_SEARCH_USER_PATHS = NO;
				CLANG_ANALYZER_NONNULL = YES;
				CLANG_ANALYZER_NUMBER_OBJECT_CONVERSION = YES_AGGRESSIVE;
				CLANG_CXX_LANGUAGE_STANDARD = "gnu++20";
				CLANG_ENABLE_MODULES = YES;
				CLANG_ENABLE_OBJC_ARC = YES;
				CLANG_ENABLE_OBJC_WEAK = YES;
				CLANG_WARN_BLOCK_CAPTURE_AUTORELEASING = YES;
				CLANG_WARN_BOOL_CONVERSION = YES;
				CLANG_WARN_COMMA = YES;
				CLANG_WARN_CONSTANT_CONVERSION = YES;
				CLANG_WARN_DEPRECATED_OBJC_IMPLEMENTATIONS = YES;
				CLANG_WARN_DIRECT_OBJC_ISA_USAGE = YES_ERROR;
				CLANG_WARN_DOCUMENTATION_COMMENTS = YES;
				CLANG_WARN_EMPTY_BODY = YES;
				CLANG_WARN_ENUM_CONVERSION = YES;
				CLANG_WARN_INFINITE_RECURSION = YES;
				CLANG_WARN_INT_CONVERSION = YES;
				CLANG_WARN_NON_LITERAL_NULL_CONVERSION = YES;
				CLANG_WARN_OBJC_IMPLICIT_RETAIN_SELF = YES;
				CLANG_WARN_OBJC_LITERAL_CONVERSION = YES;
				CLANG_WARN_OBJC_ROOT_CLASS = YES_ERROR;
				CLANG_WARN_QUOTED_INCLUDE_IN_FRAMEWORK_HEADER = YES;
				CLANG_WARN_RANGE_LOOP_ANALYSIS = YES;
				CLANG_WARN_STRICT_PROTOTYPES = YES;
				CLANG_WARN_SUSPICIOUS_MOVE = YES;
				CLANG_WARN_UNGUARDED_AVAILABILITY = YES_AGGRESSIVE;
				CLANG_WARN_UNREACHABLE_CODE = YES;
				CLANG_WARN__DUPLICATE_METHOD_MATCH = YES;
				COPY_PHASE_STRIP = NO;
				DEBUG_INFORMATION_FORMAT = dwarf;
				ENABLE_STRICT_OBJC_MSGSEND = YES;
				ENABLE_TESTABILITY = YES;
				GCC_C_LANGUAGE_STANDARD = gnu11;
				GCC_DYNAMIC_NO_PIC = NO;
				GCC_NO_COMMON_BLOCKS = YES;
				GCC_OPTIMIZATION_LEVEL = 0;
				GCC_PREPROCESSOR_DEFINITIONS = (
					"DEBUG=1",
					"$(inherited)",
				);
				GCC_WARN_64_TO_32_BIT_CONVERSION = YES;
				GCC_WARN_ABOUT_RETURN_TYPE = YES_ERROR;
				GCC_WARN_UNDECLARED_SELECTOR = YES;
				GCC_WARN_UNINITIALIZED_AUTOS = YES_AGGRESSIVE;
				GCC_WARN_UNUSED_FUNCTION = YES;
				GCC_WARN_UNUSED_VARIABLE = YES;
				IPHONEOS_DEPLOYMENT_TARGET = 16.2;
				MTL_ENABLE_DEBUG_INFO = INCLUDE_SOURCE;
				MTL_FAST_MATH = YES;
				ONLY_ACTIVE_ARCH = YES;
				SDKROOT = iphoneos;
				SWIFT_ACTIVE_COMPILATION_CONDITIONS = DEBUG;
				SWIFT_OPTIMIZATION_LEVEL = "-Onone";
			};
			name = Debug;
		};
		E99E809C29C89CB70079B08A /* Release */ = {
			isa = XCBuildConfiguration;
			buildSettings = {
				ALWAYS_SEARCH_USER_PATHS = NO;
				CLANG_ANALYZER_NONNULL = YES;
				CLANG_ANALYZER_NUMBER_OBJECT_CONVERSION = YES_AGGRESSIVE;
				CLANG_CXX_LANGUAGE_STANDARD = "gnu++20";
				CLANG_ENABLE_MODULES = YES;
				CLANG_ENABLE_OBJC_ARC = YES;
				CLANG_ENABLE_OBJC_WEAK = YES;
				CLANG_WARN_BLOCK_CAPTURE_AUTORELEASING = YES;
				CLANG_WARN_BOOL_CONVERSION = YES;
				CLANG_WARN_COMMA = YES;
				CLANG_WARN_CONSTANT_CONVERSION = YES;
				CLANG_WARN_DEPRECATED_OBJC_IMPLEMENTATIONS = YES;
				CLANG_WARN_DIRECT_OBJC_ISA_USAGE = YES_ERROR;
				CLANG_WARN_DOCUMENTATION_COMMENTS = YES;
				CLANG_WARN_EMPTY_BODY = YES;
				CLANG_WARN_ENUM_CONVERSION = YES;
				CLANG_WARN_INFINITE_RECURSION = YES;
				CLANG_WARN_INT_CONVERSION = YES;
				CLANG_WARN_NON_LITERAL_NULL_CONVERSION = YES;
				CLANG_WARN_OBJC_IMPLICIT_RETAIN_SELF = YES;
				CLANG_WARN_OBJC_LITERAL_CONVERSION = YES;
				CLANG_WARN_OBJC_ROOT_CLASS = YES_ERROR;
				CLANG_WARN_QUOTED_INCLUDE_IN_FRAMEWORK_HEADER = YES;
				CLANG_WARN_RANGE_LOOP_ANALYSIS = YES;
				CLANG_WARN_STRICT_PROTOTYPES = YES;
				CLANG_WARN_SUSPICIOUS_MOVE = YES;
				CLANG_WARN_UNGUARDED_AVAILABILITY = YES_AGGRESSIVE;
				CLANG_WARN_UNREACHABLE_CODE = YES;
				CLANG_WARN__DUPLICATE_METHOD_MATCH = YES;
				COPY_PHASE_STRIP = NO;
				DEBUG_INFORMATION_FORMAT = "dwarf-with-dsym";
				ENABLE_NS_ASSERTIONS = NO;
				ENABLE_STRICT_OBJC_MSGSEND = YES;
				GCC_C_LANGUAGE_STANDARD = gnu11;
				GCC_NO_COMMON_BLOCKS = YES;
				GCC_WARN_64_TO_32_BIT_CONVERSION = YES;
				GCC_WARN_ABOUT_RETURN_TYPE = YES_ERROR;
				GCC_WARN_UNDECLARED_SELECTOR = YES;
				GCC_WARN_UNINITIALIZED_AUTOS = YES_AGGRESSIVE;
				GCC_WARN_UNUSED_FUNCTION = YES;
				GCC_WARN_UNUSED_VARIABLE = YES;
				IPHONEOS_DEPLOYMENT_TARGET = 16.2;
				MTL_ENABLE_DEBUG_INFO = NO;
				MTL_FAST_MATH = YES;
				SDKROOT = iphoneos;
				SWIFT_COMPILATION_MODE = wholemodule;
				SWIFT_OPTIMIZATION_LEVEL = "-O";
				VALIDATE_PRODUCT = YES;
			};
			name = Release;
		};
		E99E809E29C89CB70079B08A /* Debug */ = {
			isa = XCBuildConfiguration;
			buildSettings = {
				ASSETCATALOG_COMPILER_APPICON_NAME = AppIcon;
				ASSETCATALOG_COMPILER_GLOBAL_ACCENT_COLOR_NAME = AccentColor;
				CODE_SIGN_STYLE = Automatic;
				CURRENT_PROJECT_VERSION = 1;
				DEVELOPMENT_ASSET_PATHS = "\"Base/Preview Content\"";
				DEVELOPMENT_TEAM = L2F62YR6UF;
				ENABLE_PREVIEWS = YES;
				GENERATE_INFOPLIST_FILE = YES;
				INFOPLIST_KEY_UIApplicationSceneManifest_Generation = YES;
				INFOPLIST_KEY_UIApplicationSupportsIndirectInputEvents = YES;
				INFOPLIST_KEY_UILaunchScreen_Generation = YES;
				INFOPLIST_KEY_UISupportedInterfaceOrientations_iPad = "UIInterfaceOrientationPortrait UIInterfaceOrientationPortraitUpsideDown UIInterfaceOrientationLandscapeLeft UIInterfaceOrientationLandscapeRight";
				INFOPLIST_KEY_UISupportedInterfaceOrientations_iPhone = "UIInterfaceOrientationPortrait UIInterfaceOrientationLandscapeLeft UIInterfaceOrientationLandscapeRight";
				LD_RUNPATH_SEARCH_PATHS = (
					"$(inherited)",
					"@executable_path/Frameworks",
				);
				MARKETING_VERSION = 1.0;
				PRODUCT_BUNDLE_IDENTIFIER = com.simagin.HelloCoreData;
				PRODUCT_NAME = "$(TARGET_NAME)";
				SWIFT_EMIT_LOC_STRINGS = YES;
				SWIFT_VERSION = 5.0;
				TARGETED_DEVICE_FAMILY = "1,2";
			};
			name = Debug;
		};
		E99E809F29C89CB70079B08A /* Release */ = {
			isa = XCBuildConfiguration;
			buildSettings = {
				ASSETCATALOG_COMPILER_APPICON_NAME = AppIcon;
				ASSETCATALOG_COMPILER_GLOBAL_ACCENT_COLOR_NAME = AccentColor;
				CODE_SIGN_STYLE = Automatic;
				CURRENT_PROJECT_VERSION = 1;
				DEVELOPMENT_ASSET_PATHS = "\"Base/Preview Content\"";
				DEVELOPMENT_TEAM = L2F62YR6UF;
				ENABLE_PREVIEWS = YES;
				GENERATE_INFOPLIST_FILE = YES;
				INFOPLIST_KEY_UIApplicationSceneManifest_Generation = YES;
				INFOPLIST_KEY_UIApplicationSupportsIndirectInputEvents = YES;
				INFOPLIST_KEY_UILaunchScreen_Generation = YES;
				INFOPLIST_KEY_UISupportedInterfaceOrientations_iPad = "UIInterfaceOrientationPortrait UIInterfaceOrientationPortraitUpsideDown UIInterfaceOrientationLandscapeLeft UIInterfaceOrientationLandscapeRight";
				INFOPLIST_KEY_UISupportedInterfaceOrientations_iPhone = "UIInterfaceOrientationPortrait UIInterfaceOrientationLandscapeLeft UIInterfaceOrientationLandscapeRight";
				LD_RUNPATH_SEARCH_PATHS = (
					"$(inherited)",
					"@executable_path/Frameworks",
				);
				MARKETING_VERSION = 1.0;
				PRODUCT_BUNDLE_IDENTIFIER = com.simagin.HelloCoreData;
				PRODUCT_NAME = "$(TARGET_NAME)";
				SWIFT_EMIT_LOC_STRINGS = YES;
				SWIFT_VERSION = 5.0;
				TARGETED_DEVICE_FAMILY = "1,2";
			};
			name = Release;
		};
		E9F1F7D429C9BF8800886429 /* Debug */ = {
			isa = XCBuildConfiguration;
			buildSettings = {
				ASSETCATALOG_COMPILER_APPICON_NAME = AppIcon;
				ASSETCATALOG_COMPILER_GLOBAL_ACCENT_COLOR_NAME = AccentColor;
				CODE_SIGN_STYLE = Automatic;
				CURRENT_PROJECT_VERSION = 1;
				DEVELOPMENT_ASSET_PATHS = "\"OneStepFarther/Preview Content\"";
				DEVELOPMENT_TEAM = L2F62YR6UF;
				ENABLE_PREVIEWS = YES;
				GENERATE_INFOPLIST_FILE = YES;
				INFOPLIST_KEY_UIApplicationSceneManifest_Generation = YES;
				INFOPLIST_KEY_UIApplicationSupportsIndirectInputEvents = YES;
				INFOPLIST_KEY_UILaunchScreen_Generation = YES;
				INFOPLIST_KEY_UISupportedInterfaceOrientations_iPad = "UIInterfaceOrientationPortrait UIInterfaceOrientationPortraitUpsideDown UIInterfaceOrientationLandscapeLeft UIInterfaceOrientationLandscapeRight";
				INFOPLIST_KEY_UISupportedInterfaceOrientations_iPhone = "UIInterfaceOrientationPortrait UIInterfaceOrientationLandscapeLeft UIInterfaceOrientationLandscapeRight";
				LD_RUNPATH_SEARCH_PATHS = (
					"$(inherited)",
					"@executable_path/Frameworks",
				);
				MARKETING_VERSION = 1.0;
				PRODUCT_BUNDLE_IDENTIFIER = com.simagin.OneStepFarther;
				PRODUCT_NAME = "$(TARGET_NAME)";
				SWIFT_EMIT_LOC_STRINGS = YES;
				SWIFT_VERSION = 5.0;
				TARGETED_DEVICE_FAMILY = "1,2";
			};
			name = Debug;
		};
		E9F1F7D529C9BF8800886429 /* Release */ = {
			isa = XCBuildConfiguration;
			buildSettings = {
				ASSETCATALOG_COMPILER_APPICON_NAME = AppIcon;
				ASSETCATALOG_COMPILER_GLOBAL_ACCENT_COLOR_NAME = AccentColor;
				CODE_SIGN_STYLE = Automatic;
				CURRENT_PROJECT_VERSION = 1;
				DEVELOPMENT_ASSET_PATHS = "\"OneStepFarther/Preview Content\"";
				DEVELOPMENT_TEAM = L2F62YR6UF;
				ENABLE_PREVIEWS = YES;
				GENERATE_INFOPLIST_FILE = YES;
				INFOPLIST_KEY_UIApplicationSceneManifest_Generation = YES;
				INFOPLIST_KEY_UIApplicationSupportsIndirectInputEvents = YES;
				INFOPLIST_KEY_UILaunchScreen_Generation = YES;
				INFOPLIST_KEY_UISupportedInterfaceOrientations_iPad = "UIInterfaceOrientationPortrait UIInterfaceOrientationPortraitUpsideDown UIInterfaceOrientationLandscapeLeft UIInterfaceOrientationLandscapeRight";
				INFOPLIST_KEY_UISupportedInterfaceOrientations_iPhone = "UIInterfaceOrientationPortrait UIInterfaceOrientationLandscapeLeft UIInterfaceOrientationLandscapeRight";
				LD_RUNPATH_SEARCH_PATHS = (
					"$(inherited)",
					"@executable_path/Frameworks",
				);
				MARKETING_VERSION = 1.0;
				PRODUCT_BUNDLE_IDENTIFIER = com.simagin.OneStepFarther;
				PRODUCT_NAME = "$(TARGET_NAME)";
				SWIFT_EMIT_LOC_STRINGS = YES;
				SWIFT_VERSION = 5.0;
				TARGETED_DEVICE_FAMILY = "1,2";
			};
			name = Release;
		};
/* End XCBuildConfiguration section */

/* Begin XCConfigurationList section */
		E99E808A29C89CB60079B08A /* Build configuration list for PBXProject "HelloCoreData" */ = {
			isa = XCConfigurationList;
			buildConfigurations = (
				E99E809B29C89CB70079B08A /* Debug */,
				E99E809C29C89CB70079B08A /* Release */,
			);
			defaultConfigurationIsVisible = 0;
			defaultConfigurationName = Release;
		};
		E99E809D29C89CB70079B08A /* Build configuration list for PBXNativeTarget "Base" */ = {
			isa = XCConfigurationList;
			buildConfigurations = (
				E99E809E29C89CB70079B08A /* Debug */,
				E99E809F29C89CB70079B08A /* Release */,
			);
			defaultConfigurationIsVisible = 0;
			defaultConfigurationName = Release;
		};
		E9F1F7D629C9BF8800886429 /* Build configuration list for PBXNativeTarget "OneStepFarther" */ = {
			isa = XCConfigurationList;
			buildConfigurations = (
				E9F1F7D429C9BF8800886429 /* Debug */,
				E9F1F7D529C9BF8800886429 /* Release */,
			);
			defaultConfigurationIsVisible = 0;
			defaultConfigurationName = Release;
		};
/* End XCConfigurationList section */

/* Begin XCVersionGroup section */
		E99E80A029C8A66B0079B08A /* K6Probe.xcdatamodeld */ = {
			isa = XCVersionGroup;
			children = (
				E99E80A129C8A66B0079B08A /* K6Probe.xcdatamodel */,
			);
			currentVersion = E99E80A129C8A66B0079B08A /* K6Probe.xcdatamodel */;
			path = K6Probe.xcdatamodeld;
			sourceTree = "<group>";
			versionGroupType = wrapper.xcdatamodel;
		};
/* End XCVersionGroup section */
	};
	rootObject = E99E808729C89CB60079B08A /* Project object */;
}
